
Microsoft Visual Studio Solution File, Format Version 12.00
# Visual Studio Version 17
VisualStudioVersion = 17.0.31612.314
MinimumVisualStudioVersion = 10.0.40219.1
Project("{FAE04EC0-301F-11D3-BF4B-00C04F79EFBC}") = "CertificatePasswordCracker", "CertificatePasswordCracker\CertificatePasswordCracker.csproj", "{A18FD9B4-676F-410F-B700-F2EBECF3F939}"
EndProject
Global
	GlobalSection(SolutionConfigurationPlatforms) = preSolution
		Debug|Any CPU = Debug|Any CPU
		Release|Any CPU = Release|Any CPU
	EndGlobalSection
	GlobalSection(ProjectConfigurationPlatforms) = postSolution
		{A18FD9B4-676F-410F-B700-F2EBECF3F939}.Debug|Any CPU.ActiveCfg = Debug|Any CPU
		{A18FD9B4-676F-410F-B700-F2EBECF3F939}.Debug|Any CPU.Build.0 = Debug|Any CPU
		{A18FD9B4-676F-410F-B700-F2EBECF3F939}.Release|Any CPU.ActiveCfg = Release|Any CPU
		{A18FD9B4-676F-410F-B700-F2EBECF3F939}.Release|Any CPU.Build.0 = Release|Any CPU
	EndGlobalSection
	GlobalSection(SolutionProperties) = preSolution
		HideSolutionNode = FALSE
	EndGlobalSection
	GlobalSection(ExtensibilityGlobals) = postSolution
		SolutionGuid = {2434C749-E413-44B0-8B3A-D0F308A1097B}
	EndGlobalSection
EndGlobal
